
Microsoft Visual Studio Solution File, Format Version 12.00
# Visual Studio 15
VisualStudioVersion = 15.0.28307.1525
MinimumVisualStudioVersion = 10.0.40219.1
Project("{FAE04EC0-301F-11D3-BF4B-00C04F79EFBC}") = "Produire.SpeechWRT", "Produire.SpeechWRT.csproj", "{FF03F371-D015-4054-9C78-9C3B534CF582}"
EndProject
Global
	GlobalSection(SolutionConfigurationPlatforms) = preSolution
		Debug|Any CPU = Debug|Any CPU
		Release|Any CPU = Release|Any CPU
	EndGlobalSection
	GlobalSection(ProjectConfigurationPlatforms) = postSolution
		{FF03F371-D015-4054-9C78-9C3B534CF582}.Debug|Any CPU.ActiveCfg = Debug|Any CPU
		{FF03F371-D015-4054-9C78-9C3B534CF582}.Debug|Any CPU.Build.0 = Debug|Any CPU
		{FF03F371-D015-4054-9C78-9C3B534CF582}.Release|Any CPU.ActiveCfg = Release|Any CPU
		{FF03F371-D015-4054-9C78-9C3B534CF582}.Release|Any CPU.Build.0 = Release|Any CPU
	EndGlobalSection
	GlobalSection(SolutionProperties) = preSolution
		HideSolutionNode = FALSE
	EndGlobalSection
	GlobalSection(ExtensibilityGlobals) = postSolution
		SolutionGuid = {50456C2D-3ED3-40E9-98CE-8D37F33B16B2}
	EndGlobalSection
EndGlobal
